{
  "originHash" : "c7070356d5a89a63ec0674ccd973c9a1e39db22996314da32fd7807f1a6da186",
  "pins" : [
    {
      "identity" : "swift-argument-parser",
      "kind" : "remoteSourceControl",
      "location" : "https://github.com/apple/swift-argument-parser.git",
      "state" : {
        "revision" : "6a52f3251125d74daf04fcbd5e6f08a75d074382",
        "version" : "1.8.2"
      }
    },
    {
      "identity" : "swift-audio-marker",
      "kind" : "remoteSourceControl",
      "location" : "https://github.com/atelier-socle/swift-audio-marker",
      "state" : {
        "revision" : "28cf6a592a5fe8307f2b82a0ac0eff867f747401",
        "version" : "0.1.1"
      }
    },
    {
      "identity" : "swift-project-service",
      "kind" : "remoteSourceControl",
      "location" : "https://github.com/femimarket/swift-project-service",
      "state" : {
        "revision" : "897fbed97f613adbd90e17959072d7edd9136275",
        "version" : "0.1.0"
      }
    },
    {
      "identity" : "swiftapi",
      "kind" : "remoteSourceControl",
      "location" : "https://github.com/femimarket/swiftapi",
      "state" : {
        "revision" : "d4cff33aa11053fcfa2e0ea02ec14b9d1210ea5b",
        "version" : "0.1.0"
      }
    }
  ],
  "version" : 3
}
